
Microsoft Visual Studio Solution File, Format Version 12.00
# Visual Studio 2017
Project("{FAE04EC0-301F-11D3-BF4B-00C04F79EFBC}") = "rohac", "rohac.csproj", "{C65E5FAF-7795-897C-DF11-ED8BC6871347}"
EndProject
Project("{FAE04EC0-301F-11D3-BF4B-00C04F79EFBC}") = "rohac.Editor", "rohac.Editor.csproj", "{D3A5BEF6-53F6-4F75-480E-FA5B23B08CCF}"
EndProject
Global
	GlobalSection(SolutionConfigurationPlatforms) = preSolution
		Debug|Any CPU = Debug|Any CPU
		Release|Any CPU = Release|Any CPU
	EndGlobalSection
	GlobalSection(ProjectConfigurationPlatforms) = postSolution
		{C65E5FAF-7795-897C-DF11-ED8BC6871347}.Debug|Any CPU.ActiveCfg = Debug|Any CPU
		{C65E5FAF-7795-897C-DF11-ED8BC6871347}.Debug|Any CPU.Build.0 = Debug|Any CPU
		{C65E5FAF-7795-897C-DF11-ED8BC6871347}.Release|Any CPU.ActiveCfg = Release|Any CPU
		{C65E5FAF-7795-897C-DF11-ED8BC6871347}.Release|Any CPU.Build.0 = Release|Any CPU
		{D3A5BEF6-53F6-4F75-480E-FA5B23B08CCF}.Debug|Any CPU.ActiveCfg = Debug|Any CPU
		{D3A5BEF6-53F6-4F75-480E-FA5B23B08CCF}.Debug|Any CPU.Build.0 = Debug|Any CPU
		{D3A5BEF6-53F6-4F75-480E-FA5B23B08CCF}.Release|Any CPU.ActiveCfg = Release|Any CPU
		{D3A5BEF6-53F6-4F75-480E-FA5B23B08CCF}.Release|Any CPU.Build.0 = Release|Any CPU
	EndGlobalSection
	GlobalSection(SolutionProperties) = preSolution
		HideSolutionNode = FALSE
	EndGlobalSection
EndGlobal
