
Microsoft Visual Studio Solution File, Format Version 12.00
# Visual Studio 15
Project("{FAE04EC0-301F-11D3-BF4B-00C04F79EFBC}") = "rohac", "Assembly-CSharp.csproj", "{EB7EA54F-97E0-AEAF-6627-A5EE1C0AE6C6}"
EndProject
Project("{FAE04EC0-301F-11D3-BF4B-00C04F79EFBC}") = "rohac", "Assembly-CSharp-Editor.csproj", "{D22D1847-EB76-366E-EB05-1C817FF6CE53}"
EndProject
Global
	GlobalSection(SolutionConfigurationPlatforms) = preSolution
		Debug|Any CPU = Debug|Any CPU
		Release|Any CPU = Release|Any CPU
	EndGlobalSection
	GlobalSection(ProjectConfigurationPlatforms) = postSolution
		{EB7EA54F-97E0-AEAF-6627-A5EE1C0AE6C6}.Debug|Any CPU.ActiveCfg = Debug|Any CPU
		{EB7EA54F-97E0-AEAF-6627-A5EE1C0AE6C6}.Debug|Any CPU.Build.0 = Debug|Any CPU
		{EB7EA54F-97E0-AEAF-6627-A5EE1C0AE6C6}.Release|Any CPU.ActiveCfg = Release|Any CPU
		{EB7EA54F-97E0-AEAF-6627-A5EE1C0AE6C6}.Release|Any CPU.Build.0 = Release|Any CPU
		{D22D1847-EB76-366E-EB05-1C817FF6CE53}.Debug|Any CPU.ActiveCfg = Debug|Any CPU
		{D22D1847-EB76-366E-EB05-1C817FF6CE53}.Debug|Any CPU.Build.0 = Debug|Any CPU
		{D22D1847-EB76-366E-EB05-1C817FF6CE53}.Release|Any CPU.ActiveCfg = Release|Any CPU
		{D22D1847-EB76-366E-EB05-1C817FF6CE53}.Release|Any CPU.Build.0 = Release|Any CPU
	EndGlobalSection
	GlobalSection(SolutionProperties) = preSolution
		HideSolutionNode = FALSE
	EndGlobalSection
EndGlobal
